
Microsoft Visual Studio Solution File, Format Version 12.00
# Visual Studio Version 16
VisualStudioVersion = 16.0.31702.278
MinimumVisualStudioVersion = 10.0.40219.1
Project("{FAE04EC0-301F-11D3-BF4B-00C04F79EFBC}") = "pz_2_3", "pz_2_3\pz_2_3.csproj", "{1E50F7F2-A7E3-4F57-A4B5-8F24F4EED001}"
EndProject
Global
	GlobalSection(SolutionConfigurationPlatforms) = preSolution
		Debug|Any CPU = Debug|Any CPU
		Release|Any CPU = Release|Any CPU
	EndGlobalSection
	GlobalSection(ProjectConfigurationPlatforms) = postSolution
		{1E50F7F2-A7E3-4F57-A4B5-8F24F4EED001}.Debug|Any CPU.ActiveCfg = Debug|Any CPU
		{1E50F7F2-A7E3-4F57-A4B5-8F24F4EED001}.Debug|Any CPU.Build.0 = Debug|Any CPU
		{1E50F7F2-A7E3-4F57-A4B5-8F24F4EED001}.Release|Any CPU.ActiveCfg = Release|Any CPU
		{1E50F7F2-A7E3-4F57-A4B5-8F24F4EED001}.Release|Any CPU.Build.0 = Release|Any CPU
	EndGlobalSection
	GlobalSection(SolutionProperties) = preSolution
		HideSolutionNode = FALSE
	EndGlobalSection
	GlobalSection(ExtensibilityGlobals) = postSolution
		SolutionGuid = {ABCF0389-3577-4527-88B2-4B4461D281E7}
	EndGlobalSection
EndGlobal
